
Microsoft Visual Studio Solution File, Format Version 12.00
# Visual Studio Version 16
VisualStudioVersion = 16.0.31410.357
MinimumVisualStudioVersion = 10.0.40219.1
Project("{FAE04EC0-301F-11D3-BF4B-00C04F79EFBC}") = "Exercise2", "Exercise2\Exercise2.csproj", "{CC70046D-72DD-4590-810E-965ECC9F2FE9}"
EndProject
Global
	GlobalSection(SolutionConfigurationPlatforms) = preSolution
		Debug|Any CPU = Debug|Any CPU
		Release|Any CPU = Release|Any CPU
	EndGlobalSection
	GlobalSection(ProjectConfigurationPlatforms) = postSolution
		{CC70046D-72DD-4590-810E-965ECC9F2FE9}.Debug|Any CPU.ActiveCfg = Debug|Any CPU
		{CC70046D-72DD-4590-810E-965ECC9F2FE9}.Debug|Any CPU.Build.0 = Debug|Any CPU
		{CC70046D-72DD-4590-810E-965ECC9F2FE9}.Release|Any CPU.ActiveCfg = Release|Any CPU
		{CC70046D-72DD-4590-810E-965ECC9F2FE9}.Release|Any CPU.Build.0 = Release|Any CPU
	EndGlobalSection
	GlobalSection(SolutionProperties) = preSolution
		HideSolutionNode = FALSE
	EndGlobalSection
	GlobalSection(ExtensibilityGlobals) = postSolution
		SolutionGuid = {2B78C395-7DE8-4E68-A9D6-7496544D2C81}
	EndGlobalSection
EndGlobal
